# This file was autogenerated by Stack.
# You should not edit this file by hand.
# For more information, please see the documentation at:
#   https://docs.haskellstack.org/en/stable/lock_files

packages:
- completed:
    hackage: advent-of-code-api-0.2.8.1@sha256:00a7b1fe76bdbba0ad705d906402fbb35eb35ccb6f9a7adec488a65bb8147ad4,2352
    pantry-tree:
      sha256: d0345ab16cc2ad3a9de3a9ff1a449cf03b63ac826a017ca02ee883a6525e75fd
      size: 1185
  original:
    hackage: advent-of-code-api-0.2.8.1
- completed:
    hackage: finitary-2.1.1.0@sha256:f0f19aace424e5fdb5543fbcfb9446e50c8cb349fe7564642c5c25dbe3418076,2743
    pantry-tree:
      sha256: 38e03206b355db7a6a2f3ad73039b18b15245141b6974080b7d9a99e82ddf76a
      size: 438
  original:
    hackage: finitary-2.1.1.0
- completed:
    hackage: haskell-names-0.9.9@sha256:8cd295ff72cbc87b330e4b9955eae3095a701b3e8b9a633c04cf150977e90d70,12974
    pantry-tree:
      sha256: c8ca8eafe4d3e6d9f9b6209d1790edd7cf79f84b71c68657e6f7713d630646f4
      size: 25945
  original:
    hackage: haskell-names-0.9.9
snapshots:
- completed:
    sha256: 6d1532d40621957a25bad5195bfca7938e8a06d923c91bc52aa0f3c41181f2d4
    size: 619204
    url: https://raw.githubusercontent.com/commercialhaskell/stackage-snapshots/master/lts/19/33.yaml
  original: lts-19.33
